// !$*UTF8*$!
{
	archiveVersion = 1;
	classes = {
	};
	objectVersion = 50;
	objects = {

/* Begin PBXBuildFile section */
		9F0CA87D2696311B00DB2AE0 /* Apple_FrameworksApp.swift in Sources */ = {isa = PBXBuildFile; fileRef = 9F0CA87C2696311B00DB2AE0 /* Apple_FrameworksApp.swift */; };
		9F0CA87F2696311B00DB2AE0 /* FrameworkGridView.swift in Sources */ = {isa = PBXBuildFile; fileRef = 9F0CA87E2696311B00DB2AE0 /* FrameworkGridView.swift */; };
		9F0CA8812696311C00DB2AE0 /* Assets.xcassets in Resources */ = {isa = PBXBuildFile; fileRef = 9F0CA8802696311C00DB2AE0 /* Assets.xcassets */; };
		9F0CA8842696311C00DB2AE0 /* Preview Assets.xcassets in Resources */ = {isa = PBXBuildFile; fileRef = 9F0CA8832696311C00DB2AE0 /* Preview Assets.xcassets */; };
		9F0CA88C269632C800DB2AE0 /* Framework.swift in Sources */ = {isa = PBXBuildFile; fileRef = 9F0CA88B269632C800DB2AE0 /* Framework.swift */; };
		9F0CA8902696573D00DB2AE0 /* FrameworkDetailView.swift in Sources */ = {isa = PBXBuildFile; fileRef = 9F0CA88F2696573D00DB2AE0 /* FrameworkDetailView.swift */; };
		9F0CA892269659FF00DB2AE0 /* AFButton.swift in Sources */ = {isa = PBXBuildFile; fileRef = 9F0CA891269659FF00DB2AE0 /* AFButton.swift */; };
		9F0CA894269660DC00DB2AE0 /* FrameworkGridViewModel.swift in Sources */ = {isa = PBXBuildFile; fileRef = 9F0CA893269660DC00DB2AE0 /* FrameworkGridViewModel.swift */; };
		9F0CA8962696748F00DB2AE0 /* SafariView.swift in Sources */ = {isa = PBXBuildFile; fileRef = 9F0CA8952696748F00DB2AE0 /* SafariView.swift */; };
/* End PBXBuildFile section */

/* Begin PBXFileReference section */
		9F0CA8792696311B00DB2AE0 /* Apple-Frameworks.app */ = {isa = PBXFileReference; explicitFileType = wrapper.application; includeInIndex = 0; path = "Apple-Frameworks.app"; sourceTree = BUILT_PRODUCTS_DIR; };
		9F0CA87C2696311B00DB2AE0 /* Apple_FrameworksApp.swift */ = {isa = PBXFileReference; lastKnownFileType = sourcecode.swift; path = Apple_FrameworksApp.swift; sourceTree = "<group>"; };
		9F0CA87E2696311B00DB2AE0 /* FrameworkGridView.swift */ = {isa = PBXFileReference; lastKnownFileType = sourcecode.swift; path = FrameworkGridView.swift; sourceTree = "<group>"; };
		9F0CA8802696311C00DB2AE0 /* Assets.xcassets */ = {isa = PBXFileReference; lastKnownFileType = folder.assetcatalog; path = Assets.xcassets; sourceTree = "<group>"; };
		9F0CA8832696311C00DB2AE0 /* Preview Assets.xcassets */ = {isa = PBXFileReference; lastKnownFileType = folder.assetcatalog; path = "Preview Assets.xcassets"; sourceTree = "<group>"; };
		9F0CA8852696311C00DB2AE0 /* Info.plist */ = {isa = PBXFileReference; lastKnownFileType = text.plist.xml; path = Info.plist; sourceTree = "<group>"; };
		9F0CA88B269632C800DB2AE0 /* Framework.swift */ = {isa = PBXFileReference; lastKnownFileType = sourcecode.swift; path = Framework.swift; sourceTree = "<group>"; };
		9F0CA88F2696573D00DB2AE0 /* FrameworkDetailView.swift */ = {isa = PBXFileReference; lastKnownFileType = sourcecode.swift; path = FrameworkDetailView.swift; sourceTree = "<group>"; };
		9F0CA891269659FF00DB2AE0 /* AFButton.swift */ = {isa = PBXFileReference; lastKnownFileType = sourcecode.swift; path = AFButton.swift; sourceTree = "<group>"; };
		9F0CA893269660DC00DB2AE0 /* FrameworkGridViewModel.swift */ = {isa = PBXFileReference; lastKnownFileType = sourcecode.swift; path = FrameworkGridViewModel.swift; sourceTree = "<group>"; };
		9F0CA8952696748F00DB2AE0 /* SafariView.swift */ = {isa = PBXFileReference; lastKnownFileType = sourcecode.swift; path = SafariView.swift; sourceTree = "<group>"; };
/* End PBXFileReference section */

/* Begin PBXFrameworksBuildPhase section */
		9F0CA8762696311B00DB2AE0 /* Frameworks */ = {
			isa = PBXFrameworksBuildPhase;
			buildActionMask = 2147483647;
			files = (
			);
			runOnlyForDeploymentPostprocessing = 0;
		};
/* End PBXFrameworksBuildPhase section */

/* Begin PBXGroup section */
		9F0CA8702696311B00DB2AE0 = {
			isa = PBXGroup;
			children = (
				9F0CA87B2696311B00DB2AE0 /* Apple-Frameworks */,
				9F0CA87A2696311B00DB2AE0 /* Products */,
			);
			sourceTree = "<group>";
		};
		9F0CA87A2696311B00DB2AE0 /* Products */ = {
			isa = PBXGroup;
			children = (
				9F0CA8792696311B00DB2AE0 /* Apple-Frameworks.app */,
			);
			name = Products;
			sourceTree = "<group>";
		};
		9F0CA87B2696311B00DB2AE0 /* Apple-Frameworks */ = {
			isa = PBXGroup;
			children = (
				9F0CA87C2696311B00DB2AE0 /* Apple_FrameworksApp.swift */,
				9F0CA87E2696311B00DB2AE0 /* FrameworkGridView.swift */,
				9F0CA88F2696573D00DB2AE0 /* FrameworkDetailView.swift */,
				9F0CA893269660DC00DB2AE0 /* FrameworkGridViewModel.swift */,
				9F0CA8952696748F00DB2AE0 /* SafariView.swift */,
				9F0CA88B269632C800DB2AE0 /* Framework.swift */,
				9F0CA891269659FF00DB2AE0 /* AFButton.swift */,
				9F0CA8802696311C00DB2AE0 /* Assets.xcassets */,
				9F0CA8852696311C00DB2AE0 /* Info.plist */,
				9F0CA8822696311C00DB2AE0 /* Preview Content */,
			);
			path = "Apple-Frameworks";
			sourceTree = "<group>";
		};
		9F0CA8822696311C00DB2AE0 /* Preview Content */ = {
			isa = PBXGroup;
			children = (
				9F0CA8832696311C00DB2AE0 /* Preview Assets.xcassets */,
			);
			path = "Preview Content";
			sourceTree = "<group>";
		};
/* End PBXGroup section */

/* Begin PBXNativeTarget section */
		9F0CA8782696311B00DB2AE0 /* Apple-Frameworks */ = {
			isa = PBXNativeTarget;
			buildConfigurationList = 9F0CA8882696311C00DB2AE0 /* Build configuration list for PBXNativeTarget "Apple-Frameworks" */;
			buildPhases = (
				9F0CA8752696311B00DB2AE0 /* Sources */,
				9F0CA8762696311B00DB2AE0 /* Frameworks */,
				9F0CA8772696311B00DB2AE0 /* Resources */,
			);
			buildRules = (
			);
			dependencies = (
			);
			name = "Apple-Frameworks";
			productName = "Apple-Frameworks";
			productReference = 9F0CA8792696311B00DB2AE0 /* Apple-Frameworks.app */;
			productType = "com.apple.product-type.application";
		};
/* End PBXNativeTarget section */

/* Begin PBXProject section */
		9F0CA8712696311B00DB2AE0 /* Project object */ = {
			isa = PBXProject;
			attributes = {
				LastSwiftUpdateCheck = 1250;
				LastUpgradeCheck = 1250;
				TargetAttributes = {
					9F0CA8782696311B00DB2AE0 = {
						CreatedOnToolsVersion = 12.5.1;
					};
				};
			};
			buildConfigurationList = 9F0CA8742696311B00DB2AE0 /* Build configuration list for PBXProject "Apple-Frameworks" */;
			compatibilityVersion = "Xcode 9.3";
			developmentRegion = en;
			hasScannedForEncodings = 0;
			knownRegions = (
				en,
				Base,
			);
			mainGroup = 9F0CA8702696311B00DB2AE0;
			productRefGroup = 9F0CA87A2696311B00DB2AE0 /* Products */;
			projectDirPath = "";
			projectRoot = "";
			targets = (
				9F0CA8782696311B00DB2AE0 /* Apple-Frameworks */,
			);
		};
/* End PBXProject section */

/* Begin PBXResourcesBuildPhase section */
		9F0CA8772696311B00DB2AE0 /* Resources */ = {
			isa = PBXResourcesBuildPhase;
			buildActionMask = 2147483647;
			files = (
				9F0CA8842696311C00DB2AE0 /* Preview Assets.xcassets in Resources */,
				9F0CA8812696311C00DB2AE0 /* Assets.xcassets in Resources */,
			);
			runOnlyForDeploymentPostprocessing = 0;
		};
/* End PBXResourcesBuildPhase section */

/* Begin PBXSourcesBuildPhase section */
		9F0CA8752696311B00DB2AE0 /* Sources */ = {
			isa = PBXSourcesBuildPhase;
			buildActionMask = 2147483647;
			files = (
				9F0CA8902696573D00DB2AE0 /* FrameworkDetailView.swift in Sources */,
				9F0CA87F2696311B00DB2AE0 /* FrameworkGridView.swift in Sources */,
				9F0CA88C269632C800DB2AE0 /* Framework.swift in Sources */,
				9F0CA892269659FF00DB2AE0 /* AFButton.swift in Sources */,
				9F0CA87D2696311B00DB2AE0 /* Apple_FrameworksApp.swift in Sources */,
				9F0CA894269660DC00DB2AE0 /* FrameworkGridViewModel.swift in Sources */,
				9F0CA8962696748F00DB2AE0 /* SafariView.swift in Sources */,
			);
			runOnlyForDeploymentPostprocessing = 0;
		};
/* End PBXSourcesBuildPhase section */

/* Begin XCBuildConfiguration section */
		9F0CA8862696311C00DB2AE0 /* Debug */ = {
			isa = XCBuildConfiguration;
			buildSettings = {
				ALWAYS_SEARCH_USER_PATHS = NO;
				CLANG_ANALYZER_NONNULL = YES;
				CLANG_ANALYZER_NUMBER_OBJECT_CONVERSION = YES_AGGRESSIVE;
				CLANG_CXX_LANGUAGE_STANDARD = "gnu++14";
				CLANG_CXX_LIBRARY = "libc++";
				CLANG_ENABLE_MODULES = YES;
				CLANG_ENABLE_OBJC_ARC = YES;
				CLANG_ENABLE_OBJC_WEAK = YES;
				CLANG_WARN_BLOCK_CAPTURE_AUTORELEASING = YES;
				CLANG_WARN_BOOL_CONVERSION = YES;
				CLANG_WARN_COMMA = YES;
				CLANG_WARN_CONSTANT_CONVERSION = YES;
				CLANG_WARN_DEPRECATED_OBJC_IMPLEMENTATIONS = YES;
				CLANG_WARN_DIRECT_OBJC_ISA_USAGE = YES_ERROR;
				CLANG_WARN_DOCUMENTATION_COMMENTS = YES;
				CLANG_WARN_EMPTY_BODY = YES;
				CLANG_WARN_ENUM_CONVERSION = YES;
				CLANG_WARN_INFINITE_RECURSION = YES;
				CLANG_WARN_INT_CONVERSION = YES;
				CLANG_WARN_NON_LITERAL_NULL_CONVERSION = YES;
				CLANG_WARN_OBJC_IMPLICIT_RETAIN_SELF = YES;
				CLANG_WARN_OBJC_LITERAL_CONVERSION = YES;
				CLANG_WARN_OBJC_ROOT_CLASS = YES_ERROR;
				CLANG_WARN_QUOTED_INCLUDE_IN_FRAMEWORK_HEADER = YES;
				CLANG_WARN_RANGE_LOOP_ANALYSIS = YES;
				CLANG_WARN_STRICT_PROTOTYPES = YES;
				CLANG_WARN_SUSPICIOUS_MOVE = YES;
				CLANG_WARN_UNGUARDED_AVAILABILITY = YES_AGGRESSIVE;
				CLANG_WARN_UNREACHABLE_CODE = YES;
				CLANG_WARN__DUPLICATE_METHOD_MATCH = YES;
				COPY_PHASE_STRIP = NO;
				DEBUG_INFORMATION_FORMAT = dwarf;
				ENABLE_STRICT_OBJC_MSGSEND = YES;
				ENABLE_TESTABILITY = YES;
				GCC_C_LANGUAGE_STANDARD = gnu11;
				GCC_DYNAMIC_NO_PIC = NO;
				GCC_NO_COMMON_BLOCKS = YES;
				GCC_OPTIMIZATION_LEVEL = 0;
				GCC_PREPROCESSOR_DEFINITIONS = (
					"DEBUG=1",
					"$(inherited)",
				);
				GCC_WARN_64_TO_32_BIT_CONVERSION = YES;
				GCC_WARN_ABOUT_RETURN_TYPE = YES_ERROR;
				GCC_WARN_UNDECLARED_SELECTOR = YES;
				GCC_WARN_UNINITIALIZED_AUTOS = YES_AGGRESSIVE;
				GCC_WARN_UNUSED_FUNCTION = YES;
				GCC_WARN_UNUSED_VARIABLE = YES;
				IPHONEOS_DEPLOYMENT_TARGET = 14.5;
				MTL_ENABLE_DEBUG_INFO = INCLUDE_SOURCE;
				MTL_FAST_MATH = YES;
				ONLY_ACTIVE_ARCH = YES;
				SDKROOT = iphoneos;
				SWIFT_ACTIVE_COMPILATION_CONDITIONS = DEBUG;
				SWIFT_OPTIMIZATION_LEVEL = "-Onone";
			};
			name = Debug;
		};
		9F0CA8872696311C00DB2AE0 /* Release */ = {
			isa = XCBuildConfiguration;
			buildSettings = {
				ALWAYS_SEARCH_USER_PATHS = NO;
				CLANG_ANALYZER_NONNULL = YES;
				CLANG_ANALYZER_NUMBER_OBJECT_CONVERSION = YES_AGGRESSIVE;
				CLANG_CXX_LANGUAGE_STANDARD = "gnu++14";
				CLANG_CXX_LIBRARY = "libc++";
				CLANG_ENABLE_MODULES = YES;
				CLANG_ENABLE_OBJC_ARC = YES;
				CLANG_ENABLE_OBJC_WEAK = YES;
				CLANG_WARN_BLOCK_CAPTURE_AUTORELEASING = YES;
				CLANG_WARN_BOOL_CONVERSION = YES;
				CLANG_WARN_COMMA = YES;
				CLANG_WARN_CONSTANT_CONVERSION = YES;
				CLANG_WARN_DEPRECATED_OBJC_IMPLEMENTATIONS = YES;
				CLANG_WARN_DIRECT_OBJC_ISA_USAGE = YES_ERROR;
				CLANG_WARN_DOCUMENTATION_COMMENTS = YES;
				CLANG_WARN_EMPTY_BODY = YES;
				CLANG_WARN_ENUM_CONVERSION = YES;
				CLANG_WARN_INFINITE_RECURSION = YES;
				CLANG_WARN_INT_CONVERSION = YES;
				CLANG_WARN_NON_LITERAL_NULL_CONVERSION = YES;
				CLANG_WARN_OBJC_IMPLICIT_RETAIN_SELF = YES;
				CLANG_WARN_OBJC_LITERAL_CONVERSION = YES;
				CLANG_WARN_OBJC_ROOT_CLASS = YES_ERROR;
				CLANG_WARN_QUOTED_INCLUDE_IN_FRAMEWORK_HEADER = YES;
				CLANG_WARN_RANGE_LOOP_ANALYSIS = YES;
				CLANG_WARN_STRICT_PROTOTYPES = YES;
				CLANG_WARN_SUSPICIOUS_MOVE = YES;
				CLANG_WARN_UNGUARDED_AVAILABILITY = YES_AGGRESSIVE;
				CLANG_WARN_UNREACHABLE_CODE = YES;
				CLANG_WARN__DUPLICATE_METHOD_MATCH = YES;
				COPY_PHASE_STRIP = NO;
				DEBUG_INFORMATION_FORMAT = "dwarf-with-dsym";
				ENABLE_NS_ASSERTIONS = NO;
				ENABLE_STRICT_OBJC_MSGSEND = YES;
				GCC_C_LANGUAGE_STANDARD = gnu11;
				GCC_NO_COMMON_BLOCKS = YES;
				GCC_WARN_64_TO_32_BIT_CONVERSION = YES;
				GCC_WARN_ABOUT_RETURN_TYPE = YES_ERROR;
				GCC_WARN_UNDECLARED_SELECTOR = YES;
				GCC_WARN_UNINITIALIZED_AUTOS = YES_AGGRESSIVE;
				GCC_WARN_UNUSED_FUNCTION = YES;
				GCC_WARN_UNUSED_VARIABLE = YES;
				IPHONEOS_DEPLOYMENT_TARGET = 14.5;
				MTL_ENABLE_DEBUG_INFO = NO;
				MTL_FAST_MATH = YES;
				SDKROOT = iphoneos;
				SWIFT_COMPILATION_MODE = wholemodule;
				SWIFT_OPTIMIZATION_LEVEL = "-O";
				VALIDATE_PRODUCT = YES;
			};
			name = Release;
		};
		9F0CA8892696311C00DB2AE0 /* Debug */ = {
			isa = XCBuildConfiguration;
			buildSettings = {
				ASSETCATALOG_COMPILER_APPICON_NAME = AppIcon;
				ASSETCATALOG_COMPILER_GLOBAL_ACCENT_COLOR_NAME = AccentColor;
				CODE_SIGN_STYLE = Automatic;
				DEVELOPMENT_ASSET_PATHS = "\"Apple-Frameworks/Preview Content\"";
				DEVELOPMENT_TEAM = 4BPQ98Z5QY;
				ENABLE_PREVIEWS = YES;
				INFOPLIST_FILE = "Apple-Frameworks/Info.plist";
				IPHONEOS_DEPLOYMENT_TARGET = 14.0;
				LD_RUNPATH_SEARCH_PATHS = (
					"$(inherited)",
					"@executable_path/Frameworks",
				);
				PRODUCT_BUNDLE_IDENTIFIER = "com.markmartin89.Apple-Frameworks";
				PRODUCT_NAME = "$(TARGET_NAME)";
				SWIFT_VERSION = 5.0;
				TARGETED_DEVICE_FAMILY = "1,2";
			};
			name = Debug;
		};
		9F0CA88A2696311C00DB2AE0 /* Release */ = {
			isa = XCBuildConfiguration;
			buildSettings = {
				ASSETCATALOG_COMPILER_APPICON_NAME = AppIcon;
				ASSETCATALOG_COMPILER_GLOBAL_ACCENT_COLOR_NAME = AccentColor;
				CODE_SIGN_STYLE = Automatic;
				DEVELOPMENT_ASSET_PATHS = "\"Apple-Frameworks/Preview Content\"";
				DEVELOPMENT_TEAM = 4BPQ98Z5QY;
				ENABLE_PREVIEWS = YES;
				INFOPLIST_FILE = "Apple-Frameworks/Info.plist";
				IPHONEOS_DEPLOYMENT_TARGET = 14.0;
				LD_RUNPATH_SEARCH_PATHS = (
					"$(inherited)",
					"@executable_path/Frameworks",
				);
				PRODUCT_BUNDLE_IDENTIFIER = "com.markmartin89.Apple-Frameworks";
				PRODUCT_NAME = "$(TARGET_NAME)";
				SWIFT_VERSION = 5.0;
				TARGETED_DEVICE_FAMILY = "1,2";
			};
			name = Release;
		};
/* End XCBuildConfiguration section */

/* Begin XCConfigurationList section */
		9F0CA8742696311B00DB2AE0 /* Build configuration list for PBXProject "Apple-Frameworks" */ = {
			isa = XCConfigurationList;
			buildConfigurations = (
				9F0CA8862696311C00DB2AE0 /* Debug */,
				9F0CA8872696311C00DB2AE0 /* Release */,
			);
			defaultConfigurationIsVisible = 0;
			defaultConfigurationName = Release;
		};
		9F0CA8882696311C00DB2AE0 /* Build configuration list for PBXNativeTarget "Apple-Frameworks" */ = {
			isa = XCConfigurationList;
			buildConfigurations = (
				9F0CA8892696311C00DB2AE0 /* Debug */,
				9F0CA88A2696311C00DB2AE0 /* Release */,
			);
			defaultConfigurationIsVisible = 0;
			defaultConfigurationName = Release;
		};
/* End XCConfigurationList section */
	};
	rootObject = 9F0CA8712696311B00DB2AE0 /* Project object */;
}
